{
  "nodes": {
    "crowdsec": {
      "inputs": {
        "nixpkgs": [
          "nixpkgs"
        ]
      },
      "locked": {
        "lastModified": 1707458496,
        "narHash": "sha256-OqU/J0RwC930Oy6jv80ijUZyY054/e21l79hnpqJyfw=",
        "owner": "InaccurateTank",
        "repo": "crowdsec-flake",
        "rev": "79940bf8e9ffc305ae03a30ec343b3707e0ead03",
        "type": "github"
      },
      "original": {
        "owner": "InaccurateTank",
        "repo": "crowdsec-flake",
        "type": "github"
      }
    },
    "impermanence": {
      "locked": {
        "lastModified": 1706639736,
        "narHash": "sha256-CaG4j9+UwBDfinxxvJMo6yOonSmSo0ZgnbD7aj2Put0=",
        "owner": "nix-community",
        "repo": "impermanence",
        "rev": "cd13c2917eaa68e4c49fea0ff9cada45440d7045",
        "type": "github"
      },
      "original": {
        "owner": "nix-community",
        "repo": "impermanence",
        "type": "github"
      }
    },
    "nixpkgs": {
      "locked": {
        "lastModified": 1707347730,
        "narHash": "sha256-0etC/exQIaqC9vliKhc3eZE2Mm2wgLa0tj93ZF/egvM=",
        "owner": "NixOS",
        "repo": "nixpkgs",
        "rev": "6832d0d99649db3d65a0e15fa51471537b2c56a6",
        "type": "github"
      },
      "original": {
        "owner": "NixOS",
        "ref": "nixos-23.11",
        "repo": "nixpkgs",
        "type": "github"
      }
    },
    "pterodactyl": {
      "inputs": {
        "nixpkgs": [
          "nixpkgs"
        ]
      },
      "locked": {
        "lastModified": 1705299965,
        "narHash": "sha256-fCVBk5e2yH38+FQ0WV+TpQdpR0xc2xfZnOX997prHK0=",
        "owner": "InaccurateTank",
        "repo": "pterodactyl-flake",
        "rev": "114c2ec7d89b20fc74d044f64da8c570e92d31d0",
        "type": "github"
      },
      "original": {
        "owner": "InaccurateTank",
        "repo": "pterodactyl-flake",
        "type": "github"
      }
    },
    "root": {
      "inputs": {
        "crowdsec": "crowdsec",
        "impermanence": "impermanence",
        "nixpkgs": "nixpkgs",
        "pterodactyl": "pterodactyl"
      }
    }
  },
  "root": "root",
  "version": 7
}
