{
  "nodes": {
    "nixpkgs": {
      "locked": {
        "lastModified": 1705183652,
        "narHash": "sha256-rnfkyUH0x72oHfiSDhuCHDHg3gFgF+lF8zkkg5Zihsw=",
        "owner": "NixOS",
        "repo": "nixpkgs",
        "rev": "428544ae95eec077c7f823b422afae5f174dee4b",
        "type": "github"
      },
      "original": {
        "owner": "NixOS",
        "ref": "nixos-23.11",
        "repo": "nixpkgs",
        "type": "github"
      }
    },
    "nixpkgs_2": {
      "locked": {
        "lastModified": 1704874635,
        "narHash": "sha256-YWuCrtsty5vVZvu+7BchAxmcYzTMfolSPP5io8+WYCg=",
        "owner": "NixOS",
        "repo": "nixpkgs",
        "rev": "3dc440faeee9e889fe2d1b4d25ad0f430d449356",
        "type": "github"
      },
      "original": {
        "owner": "NixOS",
        "ref": "nixos-23.11",
        "repo": "nixpkgs",
        "type": "github"
      }
    },
    "pterodactyl-wings": {
      "inputs": {
        "nixpkgs": "nixpkgs_2"
      },
      "locked": {
        "lastModified": 1705299965,
        "narHash": "sha256-fCVBk5e2yH38+FQ0WV+TpQdpR0xc2xfZnOX997prHK0=",
        "owner": "InaccurateTank",
        "repo": "pterodactyl-flake",
        "rev": "114c2ec7d89b20fc74d044f64da8c570e92d31d0",
        "type": "github"
      },
      "original": {
        "owner": "InaccurateTank",
        "repo": "pterodactyl-flake",
        "type": "github"
      }
    },
    "root": {
      "inputs": {
        "nixpkgs": "nixpkgs",
        "pterodactyl-wings": "pterodactyl-wings"
      }
    }
  },
  "root": "root",
  "version": 7
}
